# DVC pipeline lock file - generated
schemes:
  md5:
    - path: ai/data/curated/sft_chatml/train.jsonl.dvc
      outs:
        - path: ai/data/curated/sft_chatml/train.jsonl
          md5: 2ea48ae1fc7326ed64f2fd7e1f44c5d1
          size: 166595008
    - path: ai/data/curated/sft_chatml/val.jsonl.dvc
      outs:
        - path: ai/data/curated/sft_chatml/val.jsonl
          md5: placeholder
          size: 0
    - path: ai/data/curated/sft_chatml/test.jsonl.dvc
      outs:
        - path: ai/data/curated/sft_chatml/test.jsonl
          md5: placeholder
          size: 0
