dependencies:
- name: postgresql
  repository: https://charts.bitnami.com/bitnami
  version: 16.0.0
- name: redis
  repository: https://charts.bitnami.com/bitnami
  version: 19.0.0
- name: prometheus
  repository: https://prometheus-community.github.io/helm-charts
  version: 15.18.0
- name: grafana
  repository: https://grafana.github.io/helm-charts
  version: 6.50.7
digest: sha256:3ad086e36783f4aa6972c48d0386a8e3c265c3f563cf912109da7916a743932e
generated: "2026-03-13T17:52:41.428641552Z"
